
Microsoft Visual Studio Solution File, Format Version 12.00
# Visual Studio Version 17
VisualStudioVersion = 17.5.002.0
MinimumVisualStudioVersion = 10.0.40219.1
Project("{9A19103F-16F7-4668-BE54-9A1E7A4F7556}") = "clase05-pe-19Yamileth", "clase05-pe-19Yamileth.csproj", "{04B861EB-F691-4581-BD16-4D061FD5B7F5}"
EndProject
Global
	GlobalSection(SolutionConfigurationPlatforms) = preSolution
		Debug|Any CPU = Debug|Any CPU
		Release|Any CPU = Release|Any CPU
	EndGlobalSection
	GlobalSection(ProjectConfigurationPlatforms) = postSolution
		{04B861EB-F691-4581-BD16-4D061FD5B7F5}.Debug|Any CPU.ActiveCfg = Debug|Any CPU
		{04B861EB-F691-4581-BD16-4D061FD5B7F5}.Debug|Any CPU.Build.0 = Debug|Any CPU
		{04B861EB-F691-4581-BD16-4D061FD5B7F5}.Release|Any CPU.ActiveCfg = Release|Any CPU
		{04B861EB-F691-4581-BD16-4D061FD5B7F5}.Release|Any CPU.Build.0 = Release|Any CPU
	EndGlobalSection
	GlobalSection(SolutionProperties) = preSolution
		HideSolutionNode = FALSE
	EndGlobalSection
	GlobalSection(ExtensibilityGlobals) = postSolution
		SolutionGuid = {7A63414C-FBBB-4F50-81BD-8FBF7A7BA42A}
	EndGlobalSection
EndGlobal
